
Microsoft Visual Studio Solution File, Format Version 12.00
# Visual Studio 15
VisualStudioVersion = 15.0.28010.2036
MinimumVisualStudioVersion = 10.0.40219.1
Project("{FAE04EC0-301F-11D3-BF4B-00C04F79EFBC}") = "E3-2 Metodos clase queue", "E3-2 Metodos clase queue\E3-2 Metodos clase queue.csproj", "{D45C0F22-7119-4739-9DCE-77D0A1F03602}"
EndProject
Global
	GlobalSection(SolutionConfigurationPlatforms) = preSolution
		Debug|Any CPU = Debug|Any CPU
		Release|Any CPU = Release|Any CPU
	EndGlobalSection
	GlobalSection(ProjectConfigurationPlatforms) = postSolution
		{D45C0F22-7119-4739-9DCE-77D0A1F03602}.Debug|Any CPU.ActiveCfg = Debug|Any CPU
		{D45C0F22-7119-4739-9DCE-77D0A1F03602}.Debug|Any CPU.Build.0 = Debug|Any CPU
		{D45C0F22-7119-4739-9DCE-77D0A1F03602}.Release|Any CPU.ActiveCfg = Release|Any CPU
		{D45C0F22-7119-4739-9DCE-77D0A1F03602}.Release|Any CPU.Build.0 = Release|Any CPU
	EndGlobalSection
	GlobalSection(SolutionProperties) = preSolution
		HideSolutionNode = FALSE
	EndGlobalSection
	GlobalSection(ExtensibilityGlobals) = postSolution
		SolutionGuid = {895C2879-F19E-4245-883C-6BC8FD70528C}
	EndGlobalSection
EndGlobal
