
Microsoft Visual Studio Solution File, Format Version 12.00
# Visual Studio 15
VisualStudioVersion = 15.0.28010.2036
MinimumVisualStudioVersion = 10.0.40219.1
Project("{FAE04EC0-301F-11D3-BF4B-00C04F79EFBC}") = "E3-3.- Gonzalez Ochoa Alexis", "E3-3.- Gonzalez Ochoa Alexis\E3-3.- Gonzalez Ochoa Alexis.csproj", "{A69C7F5E-AF2A-4FAA-B71A-1E806D1D6726}"
EndProject
Global
	GlobalSection(SolutionConfigurationPlatforms) = preSolution
		Debug|Any CPU = Debug|Any CPU
		Release|Any CPU = Release|Any CPU
	EndGlobalSection
	GlobalSection(ProjectConfigurationPlatforms) = postSolution
		{A69C7F5E-AF2A-4FAA-B71A-1E806D1D6726}.Debug|Any CPU.ActiveCfg = Debug|Any CPU
		{A69C7F5E-AF2A-4FAA-B71A-1E806D1D6726}.Debug|Any CPU.Build.0 = Debug|Any CPU
		{A69C7F5E-AF2A-4FAA-B71A-1E806D1D6726}.Release|Any CPU.ActiveCfg = Release|Any CPU
		{A69C7F5E-AF2A-4FAA-B71A-1E806D1D6726}.Release|Any CPU.Build.0 = Release|Any CPU
	EndGlobalSection
	GlobalSection(SolutionProperties) = preSolution
		HideSolutionNode = FALSE
	EndGlobalSection
	GlobalSection(ExtensibilityGlobals) = postSolution
		SolutionGuid = {EF27B8C1-9D88-4042-916A-628F9BE0618C}
	EndGlobalSection
EndGlobal
